
Microsoft Visual Studio Solution File, Format Version 12.00
# Visual Studio 15
VisualStudioVersion = 15.0.27703.2047
MinimumVisualStudioVersion = 10.0.40219.1
Project("{FAE04EC0-301F-11D3-BF4B-00C04F79EFBC}") = "selfHosted", "selfHosted\selfHosted.csproj", "{4A4FCFCD-3591-4882-A154-E560A3CDF983}"
EndProject
Global
	GlobalSection(SolutionConfigurationPlatforms) = preSolution
		Debug|Any CPU = Debug|Any CPU
		Release|Any CPU = Release|Any CPU
	EndGlobalSection
	GlobalSection(ProjectConfigurationPlatforms) = postSolution
		{4A4FCFCD-3591-4882-A154-E560A3CDF983}.Debug|Any CPU.ActiveCfg = Debug|Any CPU
		{4A4FCFCD-3591-4882-A154-E560A3CDF983}.Debug|Any CPU.Build.0 = Debug|Any CPU
		{4A4FCFCD-3591-4882-A154-E560A3CDF983}.Release|Any CPU.ActiveCfg = Release|Any CPU
		{4A4FCFCD-3591-4882-A154-E560A3CDF983}.Release|Any CPU.Build.0 = Release|Any CPU
	EndGlobalSection
	GlobalSection(SolutionProperties) = preSolution
		HideSolutionNode = FALSE
	EndGlobalSection
	GlobalSection(ExtensibilityGlobals) = postSolution
		SolutionGuid = {FFE728E8-A592-43CD-933C-71AA9C6D9B0A}
	EndGlobalSection
EndGlobal
